
Microsoft Visual Studio Solution File, Format Version 12.00
# Visual Studio Version 17
VisualStudioVersion = 17.9.34616.47
MinimumVisualStudioVersion = 10.0.40219.1
Project("{FAE04EC0-301F-11D3-BF4B-00C04F79EFBC}") = "Collection_Counting_Lab", "Collection_Counting_Lab.csproj", "{7F5366D8-13D2-4E22-AC28-92E20C2B53B6}"
EndProject
Global
	GlobalSection(SolutionConfigurationPlatforms) = preSolution
		Debug|Any CPU = Debug|Any CPU
		Release|Any CPU = Release|Any CPU
	EndGlobalSection
	GlobalSection(ProjectConfigurationPlatforms) = postSolution
		{7F5366D8-13D2-4E22-AC28-92E20C2B53B6}.Debug|Any CPU.ActiveCfg = Debug|Any CPU
		{7F5366D8-13D2-4E22-AC28-92E20C2B53B6}.Debug|Any CPU.Build.0 = Debug|Any CPU
		{7F5366D8-13D2-4E22-AC28-92E20C2B53B6}.Release|Any CPU.ActiveCfg = Release|Any CPU
		{7F5366D8-13D2-4E22-AC28-92E20C2B53B6}.Release|Any CPU.Build.0 = Release|Any CPU
	EndGlobalSection
	GlobalSection(SolutionProperties) = preSolution
		HideSolutionNode = FALSE
	EndGlobalSection
	GlobalSection(ExtensibilityGlobals) = postSolution
		SolutionGuid = {6698F3B6-3B8C-40D2-9DA4-6AB2412EDABF}
	EndGlobalSection
EndGlobal
